
Microsoft Visual Studio Solution File, Format Version 12.00
# Visual Studio 14
VisualStudioVersion = 14.0.25420.1
MinimumVisualStudioVersion = 10.0.40219.1
Project("{FAE04EC0-301F-11D3-BF4B-00C04F79EFBC}") = "HiWPF", "HiWPF\HiWPF.csproj", "{6077DB1B-FA42-47F5-A819-EF35D1073B27}"
EndProject
Project("{FAE04EC0-301F-11D3-BF4B-00C04F79EFBC}") = "TCPClient", "Source_6\TCPClient\TCPClient\TCPClient.csproj", "{03C005A4-61AC-40DE-A95E-79335D9E39BA}"
EndProject
Project("{FAE04EC0-301F-11D3-BF4B-00C04F79EFBC}") = "TCPServer", "Source_6\TCPServer\TCPServer\TCPServer.csproj", "{56F75391-6AF2-4418-8B8C-C8971D641695}"
EndProject
Project("{FAE04EC0-301F-11D3-BF4B-00C04F79EFBC}") = "TCPStreamer", "Source_6\TCPStreamer\TCPStreamer\TCPStreamer.csproj", "{5867F540-7C90-4F18-8B0A-4EF78D4FFFB9}"
EndProject
Project("{FAE04EC0-301F-11D3-BF4B-00C04F79EFBC}") = "WinSound", "Source_6\WinSound\WinSound\WinSound.csproj", "{28120D29-4F6E-4C3B-AB6A-900A26420B9C}"
EndProject
Project("{FAE04EC0-301F-11D3-BF4B-00C04F79EFBC}") = "Conference System", "Peer-to-peer Conference System\Conference System.csproj", "{DC4B43CB-8EB4-4266-9FDB-F0193727A6BB}"
EndProject
Global
	GlobalSection(SolutionConfigurationPlatforms) = preSolution
		Debug|Any CPU = Debug|Any CPU
		Debug|x86 = Debug|x86
		Release|Any CPU = Release|Any CPU
		Release|x86 = Release|x86
	EndGlobalSection
	GlobalSection(ProjectConfigurationPlatforms) = postSolution
		{6077DB1B-FA42-47F5-A819-EF35D1073B27}.Debug|Any CPU.ActiveCfg = Debug|Any CPU
		{6077DB1B-FA42-47F5-A819-EF35D1073B27}.Debug|Any CPU.Build.0 = Debug|Any CPU
		{6077DB1B-FA42-47F5-A819-EF35D1073B27}.Debug|x86.ActiveCfg = Debug|Any CPU
		{6077DB1B-FA42-47F5-A819-EF35D1073B27}.Debug|x86.Build.0 = Debug|Any CPU
		{6077DB1B-FA42-47F5-A819-EF35D1073B27}.Release|Any CPU.ActiveCfg = Release|Any CPU
		{6077DB1B-FA42-47F5-A819-EF35D1073B27}.Release|Any CPU.Build.0 = Release|Any CPU
		{6077DB1B-FA42-47F5-A819-EF35D1073B27}.Release|x86.ActiveCfg = Release|Any CPU
		{6077DB1B-FA42-47F5-A819-EF35D1073B27}.Release|x86.Build.0 = Release|Any CPU
		{03C005A4-61AC-40DE-A95E-79335D9E39BA}.Debug|Any CPU.ActiveCfg = Debug|Any CPU
		{03C005A4-61AC-40DE-A95E-79335D9E39BA}.Debug|Any CPU.Build.0 = Debug|Any CPU
		{03C005A4-61AC-40DE-A95E-79335D9E39BA}.Debug|x86.ActiveCfg = Debug|Any CPU
		{03C005A4-61AC-40DE-A95E-79335D9E39BA}.Debug|x86.Build.0 = Debug|Any CPU
		{03C005A4-61AC-40DE-A95E-79335D9E39BA}.Release|Any CPU.ActiveCfg = Release|Any CPU
		{03C005A4-61AC-40DE-A95E-79335D9E39BA}.Release|Any CPU.Build.0 = Release|Any CPU
		{03C005A4-61AC-40DE-A95E-79335D9E39BA}.Release|x86.ActiveCfg = Release|Any CPU
		{03C005A4-61AC-40DE-A95E-79335D9E39BA}.Release|x86.Build.0 = Release|Any CPU
		{56F75391-6AF2-4418-8B8C-C8971D641695}.Debug|Any CPU.ActiveCfg = Debug|Any CPU
		{56F75391-6AF2-4418-8B8C-C8971D641695}.Debug|Any CPU.Build.0 = Debug|Any CPU
		{56F75391-6AF2-4418-8B8C-C8971D641695}.Debug|x86.ActiveCfg = Debug|Any CPU
		{56F75391-6AF2-4418-8B8C-C8971D641695}.Debug|x86.Build.0 = Debug|Any CPU
		{56F75391-6AF2-4418-8B8C-C8971D641695}.Release|Any CPU.ActiveCfg = Release|Any CPU
		{56F75391-6AF2-4418-8B8C-C8971D641695}.Release|Any CPU.Build.0 = Release|Any CPU
		{56F75391-6AF2-4418-8B8C-C8971D641695}.Release|x86.ActiveCfg = Release|Any CPU
		{56F75391-6AF2-4418-8B8C-C8971D641695}.Release|x86.Build.0 = Release|Any CPU
		{5867F540-7C90-4F18-8B0A-4EF78D4FFFB9}.Debug|Any CPU.ActiveCfg = Debug|x86
		{5867F540-7C90-4F18-8B0A-4EF78D4FFFB9}.Debug|x86.ActiveCfg = Debug|x86
		{5867F540-7C90-4F18-8B0A-4EF78D4FFFB9}.Debug|x86.Build.0 = Debug|x86
		{5867F540-7C90-4F18-8B0A-4EF78D4FFFB9}.Release|Any CPU.ActiveCfg = Release|x86
		{5867F540-7C90-4F18-8B0A-4EF78D4FFFB9}.Release|x86.ActiveCfg = Release|x86
		{5867F540-7C90-4F18-8B0A-4EF78D4FFFB9}.Release|x86.Build.0 = Release|x86
		{28120D29-4F6E-4C3B-AB6A-900A26420B9C}.Debug|Any CPU.ActiveCfg = Debug|Any CPU
		{28120D29-4F6E-4C3B-AB6A-900A26420B9C}.Debug|Any CPU.Build.0 = Debug|Any CPU
		{28120D29-4F6E-4C3B-AB6A-900A26420B9C}.Debug|x86.ActiveCfg = Debug|Any CPU
		{28120D29-4F6E-4C3B-AB6A-900A26420B9C}.Debug|x86.Build.0 = Debug|Any CPU
		{28120D29-4F6E-4C3B-AB6A-900A26420B9C}.Release|Any CPU.ActiveCfg = Release|Any CPU
		{28120D29-4F6E-4C3B-AB6A-900A26420B9C}.Release|Any CPU.Build.0 = Release|Any CPU
		{28120D29-4F6E-4C3B-AB6A-900A26420B9C}.Release|x86.ActiveCfg = Release|Any CPU
		{28120D29-4F6E-4C3B-AB6A-900A26420B9C}.Release|x86.Build.0 = Release|Any CPU
		{DC4B43CB-8EB4-4266-9FDB-F0193727A6BB}.Debug|Any CPU.ActiveCfg = Debug|Any CPU
		{DC4B43CB-8EB4-4266-9FDB-F0193727A6BB}.Debug|Any CPU.Build.0 = Debug|Any CPU
		{DC4B43CB-8EB4-4266-9FDB-F0193727A6BB}.Debug|x86.ActiveCfg = Debug|Any CPU
		{DC4B43CB-8EB4-4266-9FDB-F0193727A6BB}.Debug|x86.Build.0 = Debug|Any CPU
		{DC4B43CB-8EB4-4266-9FDB-F0193727A6BB}.Release|Any CPU.ActiveCfg = Release|Any CPU
		{DC4B43CB-8EB4-4266-9FDB-F0193727A6BB}.Release|Any CPU.Build.0 = Release|Any CPU
		{DC4B43CB-8EB4-4266-9FDB-F0193727A6BB}.Release|x86.ActiveCfg = Release|Any CPU
		{DC4B43CB-8EB4-4266-9FDB-F0193727A6BB}.Release|x86.Build.0 = Release|Any CPU
	EndGlobalSection
	GlobalSection(SolutionProperties) = preSolution
		HideSolutionNode = FALSE
	EndGlobalSection
EndGlobal
